<Solution>
  <Folder Name="/examples/">
    <Project Path="WoadStoat.MarkovNames/examples/WoadStoat.MarkovNames.ConsoleExample/WoadStoat.MarkovNames.ConsoleExample.csproj" />
  </Folder>
  <Folder Name="/src/">
    <Project Path="WoadStoat.MarkovNames/src/WoadStoat.MarkovNames/WoadStoat.MarkovNames.csproj" />
  </Folder>
  <Folder Name="/tests/">
    <Project Path="WoadStoat.MarkovNames/tests/WoadStoat.MarkovNames.Tests/WoadStoat.MarkovNames.Tests.csproj" />
  </Folder>
</Solution>