<Solution>
  <Folder Name="/examples/">
    <Project Path="examples/WoadNameGen.ConsoleExample/WoadNameGen.ConsoleExample.csproj" />
  </Folder>
  <Folder Name="/src/">
    <Project Path="src/WoadNameGen/WoadNameGen.csproj" />
  </Folder>
  <Folder Name="/tests/">
    <Project Path="tests/WoadNameGen.Tests/WoadNameGen.Tests.csproj" />
  </Folder>
</Solution>
